
Microsoft Visual Studio Solution File, Format Version 12.00
# Visual Studio 15
Project("{FAE04EC0-301F-11D3-BF4B-00C04F79EFBC}") = "SuperTiled2UnityEditor", "SuperTiled2UnityEditor.csproj", "{72F64F63-501A-BD6B-94CA-5E03444D588D}"
EndProject
Project("{FAE04EC0-301F-11D3-BF4B-00C04F79EFBC}") = "SuperTiled2Unity", "SuperTiled2Unity.csproj", "{FD09175A-81F0-9233-E2D2-67432E94911E}"
EndProject
Project("{FAE04EC0-301F-11D3-BF4B-00C04F79EFBC}") = "Assembly-CSharp", "Assembly-CSharp.csproj", "{15DCF4D4-C92D-D7D8-1EDE-9B62906D5B60}"
EndProject
Global
	GlobalSection(SolutionConfigurationPlatforms) = preSolution
		Debug|Any CPU = Debug|Any CPU
		Release|Any CPU = Release|Any CPU
	EndGlobalSection
	GlobalSection(ProjectConfigurationPlatforms) = postSolution
		{72F64F63-501A-BD6B-94CA-5E03444D588D}.Debug|Any CPU.ActiveCfg = Debug|Any CPU
		{72F64F63-501A-BD6B-94CA-5E03444D588D}.Debug|Any CPU.Build.0 = Debug|Any CPU
		{72F64F63-501A-BD6B-94CA-5E03444D588D}.Release|Any CPU.ActiveCfg = Release|Any CPU
		{72F64F63-501A-BD6B-94CA-5E03444D588D}.Release|Any CPU.Build.0 = Release|Any CPU
		{FD09175A-81F0-9233-E2D2-67432E94911E}.Debug|Any CPU.ActiveCfg = Debug|Any CPU
		{FD09175A-81F0-9233-E2D2-67432E94911E}.Debug|Any CPU.Build.0 = Debug|Any CPU
		{FD09175A-81F0-9233-E2D2-67432E94911E}.Release|Any CPU.ActiveCfg = Release|Any CPU
		{FD09175A-81F0-9233-E2D2-67432E94911E}.Release|Any CPU.Build.0 = Release|Any CPU
		{15DCF4D4-C92D-D7D8-1EDE-9B62906D5B60}.Debug|Any CPU.ActiveCfg = Debug|Any CPU
		{15DCF4D4-C92D-D7D8-1EDE-9B62906D5B60}.Debug|Any CPU.Build.0 = Debug|Any CPU
		{15DCF4D4-C92D-D7D8-1EDE-9B62906D5B60}.Release|Any CPU.ActiveCfg = Release|Any CPU
		{15DCF4D4-C92D-D7D8-1EDE-9B62906D5B60}.Release|Any CPU.Build.0 = Release|Any CPU
	EndGlobalSection
	GlobalSection(SolutionProperties) = preSolution
		HideSolutionNode = FALSE
	EndGlobalSection
EndGlobal
